// !$*UTF8*$!
{
	archiveVersion = 1;
	classes = {
	};
	objectVersion = 55;
	objects = {

/* Begin PBXBuildFile section */
		8904ED9F288480090045565B /* PaymentCards.swift in Sources */ = {isa = PBXBuildFile; fileRef = 8904ED9E288480090045565B /* PaymentCards.swift */; };
		8909C78B28A3F99F004FDE79 /* ComingSoonView.swift in Sources */ = {isa = PBXBuildFile; fileRef = 8909C78A28A3F99F004FDE79 /* ComingSoonView.swift */; };
		8909C78E28A3FCA4004FDE79 /* OnboardingView.swift in Sources */ = {isa = PBXBuildFile; fileRef = 8909C78D28A3FCA4004FDE79 /* OnboardingView.swift */; };
		8909C79028A3FD59004FDE79 /* LocationDeniedView.swift in Sources */ = {isa = PBXBuildFile; fileRef = 8909C78F28A3FD59004FDE79 /* LocationDeniedView.swift */; };
		8909C79228A3FDD6004FDE79 /* LaunchView.swift in Sources */ = {isa = PBXBuildFile; fileRef = 8909C79128A3FDD6004FDE79 /* LaunchView.swift */; };
		8911BF712879FAA200486EDA /* BaseView.swift in Sources */ = {isa = PBXBuildFile; fileRef = 8911BF702879FAA200486EDA /* BaseView.swift */; };
		8911BF73287A4FC700486EDA /* HomeView.swift in Sources */ = {isa = PBXBuildFile; fileRef = 8911BF72287A4FC700486EDA /* HomeView.swift */; };
		8911BF75287A4FE200486EDA /* ScanView.swift in Sources */ = {isa = PBXBuildFile; fileRef = 8911BF74287A4FE200486EDA /* ScanView.swift */; };
		8911BF77287A4FF600486EDA /* ProfileView.swift in Sources */ = {isa = PBXBuildFile; fileRef = 8911BF76287A4FF600486EDA /* ProfileView.swift */; };
		8911BF7A287ABBC700486EDA /* Header.swift in Sources */ = {isa = PBXBuildFile; fileRef = 8911BF79287ABBC600486EDA /* Header.swift */; };
		898FCCD228A0856C003C283F /* MenuItem.swift in Sources */ = {isa = PBXBuildFile; fileRef = 898FCCD128A0856C003C283F /* MenuItem.swift */; };
		898FCCD628A0871A003C283F /* MenuItemCard.swift in Sources */ = {isa = PBXBuildFile; fileRef = 898FCCD528A0871A003C283F /* MenuItemCard.swift */; };
		898FCCD828A08C64003C283F /* MenuView.swift in Sources */ = {isa = PBXBuildFile; fileRef = 898FCCD728A08C63003C283F /* MenuView.swift */; };
		898FCCDD28A08FCC003C283F /* CartButton.swift in Sources */ = {isa = PBXBuildFile; fileRef = 898FCCDC28A08FCC003C283F /* CartButton.swift */; };
		898FCCDF28A09174003C283F /* CartView.swift in Sources */ = {isa = PBXBuildFile; fileRef = 898FCCDE28A09174003C283F /* CartView.swift */; };
		898FCCE128A09244003C283F /* CartModel.swift in Sources */ = {isa = PBXBuildFile; fileRef = 898FCCE028A09244003C283F /* CartModel.swift */; };
		898FCCE328A09574003C283F /* MenuItemRow.swift in Sources */ = {isa = PBXBuildFile; fileRef = 898FCCE228A09574003C283F /* MenuItemRow.swift */; };
		898FCCE728A0A32C003C283F /* HomeTile.swift in Sources */ = {isa = PBXBuildFile; fileRef = 898FCCE628A0A32C003C283F /* HomeTile.swift */; };
		89B122FD28725C710011CE40 /* Uncle_Johns.swift in Sources */ = {isa = PBXBuildFile; fileRef = 89B122FC28725C710011CE40 /* Uncle_Johns.swift */; };
		89B122FF28725C710011CE40 /* OldMenuView.swift in Sources */ = {isa = PBXBuildFile; fileRef = 89B122FE28725C710011CE40 /* OldMenuView.swift */; };
		89B1230128725C740011CE40 /* Assets.xcassets in Resources */ = {isa = PBXBuildFile; fileRef = 89B1230028725C740011CE40 /* Assets.xcassets */; };
		89B1230428725C740011CE40 /* Preview Assets.xcassets in Resources */ = {isa = PBXBuildFile; fileRef = 89B1230328725C740011CE40 /* Preview Assets.xcassets */; };
		89B3FEB8287331EE00D6DFD0 /* User.swift in Sources */ = {isa = PBXBuildFile; fileRef = 89B3FEB7287331EE00D6DFD0 /* User.swift */; };
		89B3FEBA287331FF00D6DFD0 /* Weather.swift in Sources */ = {isa = PBXBuildFile; fileRef = 89B3FEB9287331FF00D6DFD0 /* Weather.swift */; };
		89B3FEBC2873327B00D6DFD0 /* AuthModel.swift in Sources */ = {isa = PBXBuildFile; fileRef = 89B3FEBB2873327B00D6DFD0 /* AuthModel.swift */; };
		89B3FEBE287332BC00D6DFD0 /* WeatherModel.swift in Sources */ = {isa = PBXBuildFile; fileRef = 89B3FEBD287332BC00D6DFD0 /* WeatherModel.swift */; };
		89B3FEC0287332D600D6DFD0 /* MapModel.swift in Sources */ = {isa = PBXBuildFile; fileRef = 89B3FEBF287332D600D6DFD0 /* MapModel.swift */; };
		89B3FEC22873339300D6DFD0 /* RestaurantModel.swift in Sources */ = {isa = PBXBuildFile; fileRef = 89B3FEC12873339300D6DFD0 /* RestaurantModel.swift */; };
		89B3FEC42873340000D6DFD0 /* Restaurant.swift in Sources */ = {isa = PBXBuildFile; fileRef = 89B3FEC32873340000D6DFD0 /* Restaurant.swift */; };
		89B3FECC28733EBA00D6DFD0 /* restaurants.json in Resources */ = {isa = PBXBuildFile; fileRef = 89B3FECB28733EBA00D6DFD0 /* restaurants.json */; };
		89F9F552287F14C800DFCAD2 /* Uncle John's App Icon (Light)@3x.png in Resources */ = {isa = PBXBuildFile; fileRef = 89F9F546287F14C800DFCAD2 /* Uncle John's App Icon (Light)@3x.png */; };
		89F9F553287F14C800DFCAD2 /* Uncle John's App Icon (Dark)@2x.png in Resources */ = {isa = PBXBuildFile; fileRef = 89F9F547287F14C800DFCAD2 /* Uncle John's App Icon (Dark)@2x.png */; };
		89F9F554287F14C800DFCAD2 /* Uncle John's App Icon (Dark)@3x.png in Resources */ = {isa = PBXBuildFile; fileRef = 89F9F548287F14C800DFCAD2 /* Uncle John's App Icon (Dark)@3x.png */; };
		89F9F555287F14C800DFCAD2 /* Dat Donut App Icon (Dark)@3x.png in Resources */ = {isa = PBXBuildFile; fileRef = 89F9F549287F14C800DFCAD2 /* Dat Donut App Icon (Dark)@3x.png */; };
		89F9F556287F14C800DFCAD2 /* Dat Donut App Icon (Dark)@2x.png in Resources */ = {isa = PBXBuildFile; fileRef = 89F9F54A287F14C800DFCAD2 /* Dat Donut App Icon (Dark)@2x.png */; };
		89F9F557287F14C800DFCAD2 /* Uncle John's App Icon (Light).png in Resources */ = {isa = PBXBuildFile; fileRef = 89F9F54B287F14C800DFCAD2 /* Uncle John's App Icon (Light).png */; };
		89F9F558287F14C800DFCAD2 /* Dat Donut App Icon (Dark).png in Resources */ = {isa = PBXBuildFile; fileRef = 89F9F54C287F14C800DFCAD2 /* Dat Donut App Icon (Dark).png */; };
		89F9F559287F14C800DFCAD2 /* Uncle John's App Icon (Dark).png in Resources */ = {isa = PBXBuildFile; fileRef = 89F9F54D287F14C800DFCAD2 /* Uncle John's App Icon (Dark).png */; };
		89F9F55A287F14C800DFCAD2 /* Dat Donut App Icon (Light).png in Resources */ = {isa = PBXBuildFile; fileRef = 89F9F54E287F14C800DFCAD2 /* Dat Donut App Icon (Light).png */; };
		89F9F55B287F14C800DFCAD2 /* Dat Donut App Icon (Light)@2x.png in Resources */ = {isa = PBXBuildFile; fileRef = 89F9F54F287F14C800DFCAD2 /* Dat Donut App Icon (Light)@2x.png */; };
		89F9F55C287F14C800DFCAD2 /* Dat Donut App Icon (Light)@3x.png in Resources */ = {isa = PBXBuildFile; fileRef = 89F9F550287F14C800DFCAD2 /* Dat Donut App Icon (Light)@3x.png */; };
		89F9F55D287F14C800DFCAD2 /* Uncle John's App Icon (Light)@2x.png in Resources */ = {isa = PBXBuildFile; fileRef = 89F9F551287F14C800DFCAD2 /* Uncle John's App Icon (Light)@2x.png */; };
		89F9F55F287F152200DFCAD2 /* AppSettingsModel.swift in Sources */ = {isa = PBXBuildFile; fileRef = 89F9F55E287F152200DFCAD2 /* AppSettingsModel.swift */; };
		89F9F561287F17F900DFCAD2 /* SettingsView.swift in Sources */ = {isa = PBXBuildFile; fileRef = 89F9F560287F17F900DFCAD2 /* SettingsView.swift */; };
		89F9F563287F271000DFCAD2 /* Icon.swift in Sources */ = {isa = PBXBuildFile; fileRef = 89F9F562287F271000DFCAD2 /* Icon.swift */; };
/* End PBXBuildFile section */

/* Begin PBXFileReference section */
		8904ED9E288480090045565B /* PaymentCards.swift */ = {isa = PBXFileReference; lastKnownFileType = sourcecode.swift; path = PaymentCards.swift; sourceTree = "<group>"; };
		8909C78A28A3F99F004FDE79 /* ComingSoonView.swift */ = {isa = PBXFileReference; lastKnownFileType = sourcecode.swift; path = ComingSoonView.swift; sourceTree = "<group>"; };
		8909C78D28A3FCA4004FDE79 /* OnboardingView.swift */ = {isa = PBXFileReference; lastKnownFileType = sourcecode.swift; path = OnboardingView.swift; sourceTree = "<group>"; };
		8909C78F28A3FD59004FDE79 /* LocationDeniedView.swift */ = {isa = PBXFileReference; lastKnownFileType = sourcecode.swift; path = LocationDeniedView.swift; sourceTree = "<group>"; };
		8909C79128A3FDD6004FDE79 /* LaunchView.swift */ = {isa = PBXFileReference; lastKnownFileType = sourcecode.swift; path = LaunchView.swift; sourceTree = "<group>"; };
		8911BF702879FAA200486EDA /* BaseView.swift */ = {isa = PBXFileReference; lastKnownFileType = sourcecode.swift; path = BaseView.swift; sourceTree = "<group>"; };
		8911BF72287A4FC700486EDA /* HomeView.swift */ = {isa = PBXFileReference; lastKnownFileType = sourcecode.swift; path = HomeView.swift; sourceTree = "<group>"; };
		8911BF74287A4FE200486EDA /* ScanView.swift */ = {isa = PBXFileReference; lastKnownFileType = sourcecode.swift; path = ScanView.swift; sourceTree = "<group>"; };
		8911BF76287A4FF600486EDA /* ProfileView.swift */ = {isa = PBXFileReference; lastKnownFileType = sourcecode.swift; path = ProfileView.swift; sourceTree = "<group>"; };
		8911BF79287ABBC600486EDA /* Header.swift */ = {isa = PBXFileReference; lastKnownFileType = sourcecode.swift; path = Header.swift; sourceTree = "<group>"; };
		898FCCD128A0856C003C283F /* MenuItem.swift */ = {isa = PBXFileReference; lastKnownFileType = sourcecode.swift; path = MenuItem.swift; sourceTree = "<group>"; };
		898FCCD528A0871A003C283F /* MenuItemCard.swift */ = {isa = PBXFileReference; lastKnownFileType = sourcecode.swift; path = MenuItemCard.swift; sourceTree = "<group>"; };
		898FCCD728A08C63003C283F /* MenuView.swift */ = {isa = PBXFileReference; lastKnownFileType = sourcecode.swift; path = MenuView.swift; sourceTree = "<group>"; };
		898FCCDC28A08FCC003C283F /* CartButton.swift */ = {isa = PBXFileReference; lastKnownFileType = sourcecode.swift; path = CartButton.swift; sourceTree = "<group>"; };
		898FCCDE28A09174003C283F /* CartView.swift */ = {isa = PBXFileReference; lastKnownFileType = sourcecode.swift; path = CartView.swift; sourceTree = "<group>"; };
		898FCCE028A09244003C283F /* CartModel.swift */ = {isa = PBXFileReference; lastKnownFileType = sourcecode.swift; path = CartModel.swift; sourceTree = "<group>"; };
		898FCCE228A09574003C283F /* MenuItemRow.swift */ = {isa = PBXFileReference; lastKnownFileType = sourcecode.swift; path = MenuItemRow.swift; sourceTree = "<group>"; };
		898FCCE628A0A32C003C283F /* HomeTile.swift */ = {isa = PBXFileReference; lastKnownFileType = sourcecode.swift; path = HomeTile.swift; sourceTree = "<group>"; };
		89B122F928725C710011CE40 /* Uncle John's.app */ = {isa = PBXFileReference; explicitFileType = wrapper.application; includeInIndex = 0; path = "Uncle John's.app"; sourceTree = BUILT_PRODUCTS_DIR; };
		89B122FC28725C710011CE40 /* Uncle_Johns.swift */ = {isa = PBXFileReference; lastKnownFileType = sourcecode.swift; path = Uncle_Johns.swift; sourceTree = "<group>"; };
		89B122FE28725C710011CE40 /* OldMenuView.swift */ = {isa = PBXFileReference; lastKnownFileType = sourcecode.swift; path = OldMenuView.swift; sourceTree = "<group>"; };
		89B1230028725C740011CE40 /* Assets.xcassets */ = {isa = PBXFileReference; lastKnownFileType = folder.assetcatalog; path = Assets.xcassets; sourceTree = "<group>"; };
		89B1230328725C740011CE40 /* Preview Assets.xcassets */ = {isa = PBXFileReference; lastKnownFileType = folder.assetcatalog; path = "Preview Assets.xcassets"; sourceTree = "<group>"; };
		89B3FEB7287331EE00D6DFD0 /* User.swift */ = {isa = PBXFileReference; lastKnownFileType = sourcecode.swift; path = User.swift; sourceTree = "<group>"; };
		89B3FEB9287331FF00D6DFD0 /* Weather.swift */ = {isa = PBXFileReference; lastKnownFileType = sourcecode.swift; path = Weather.swift; sourceTree = "<group>"; };
		89B3FEBB2873327B00D6DFD0 /* AuthModel.swift */ = {isa = PBXFileReference; lastKnownFileType = sourcecode.swift; path = AuthModel.swift; sourceTree = "<group>"; };
		89B3FEBD287332BC00D6DFD0 /* WeatherModel.swift */ = {isa = PBXFileReference; lastKnownFileType = sourcecode.swift; path = WeatherModel.swift; sourceTree = "<group>"; };
		89B3FEBF287332D600D6DFD0 /* MapModel.swift */ = {isa = PBXFileReference; lastKnownFileType = sourcecode.swift; path = MapModel.swift; sourceTree = "<group>"; };
		89B3FEC12873339300D6DFD0 /* RestaurantModel.swift */ = {isa = PBXFileReference; lastKnownFileType = sourcecode.swift; path = RestaurantModel.swift; sourceTree = "<group>"; };
		89B3FEC32873340000D6DFD0 /* Restaurant.swift */ = {isa = PBXFileReference; lastKnownFileType = sourcecode.swift; path = Restaurant.swift; sourceTree = "<group>"; };
		89B3FECB28733EBA00D6DFD0 /* restaurants.json */ = {isa = PBXFileReference; lastKnownFileType = text.json; path = restaurants.json; sourceTree = "<group>"; };
		89F9F545287F136400DFCAD2 /* Uncle-John-s-Info.plist */ = {isa = PBXFileReference; lastKnownFileType = text.plist; path = "Uncle-John-s-Info.plist"; sourceTree = SOURCE_ROOT; };
		89F9F546287F14C800DFCAD2 /* Uncle John's App Icon (Light)@3x.png */ = {isa = PBXFileReference; lastKnownFileType = image.png; path = "Uncle John's App Icon (Light)@3x.png"; sourceTree = "<group>"; };
		89F9F547287F14C800DFCAD2 /* Uncle John's App Icon (Dark)@2x.png */ = {isa = PBXFileReference; lastKnownFileType = image.png; path = "Uncle John's App Icon (Dark)@2x.png"; sourceTree = "<group>"; };
		89F9F548287F14C800DFCAD2 /* Uncle John's App Icon (Dark)@3x.png */ = {isa = PBXFileReference; lastKnownFileType = image.png; path = "Uncle John's App Icon (Dark)@3x.png"; sourceTree = "<group>"; };
		89F9F549287F14C800DFCAD2 /* Dat Donut App Icon (Dark)@3x.png */ = {isa = PBXFileReference; lastKnownFileType = image.png; path = "Dat Donut App Icon (Dark)@3x.png"; sourceTree = "<group>"; };
		89F9F54A287F14C800DFCAD2 /* Dat Donut App Icon (Dark)@2x.png */ = {isa = PBXFileReference; lastKnownFileType = image.png; path = "Dat Donut App Icon (Dark)@2x.png"; sourceTree = "<group>"; };
		89F9F54B287F14C800DFCAD2 /* Uncle John's App Icon (Light).png */ = {isa = PBXFileReference; lastKnownFileType = image.png; path = "Uncle John's App Icon (Light).png"; sourceTree = "<group>"; };
		89F9F54C287F14C800DFCAD2 /* Dat Donut App Icon (Dark).png */ = {isa = PBXFileReference; lastKnownFileType = image.png; path = "Dat Donut App Icon (Dark).png"; sourceTree = "<group>"; };
		89F9F54D287F14C800DFCAD2 /* Uncle John's App Icon (Dark).png */ = {isa = PBXFileReference; lastKnownFileType = image.png; path = "Uncle John's App Icon (Dark).png"; sourceTree = "<group>"; };
		89F9F54E287F14C800DFCAD2 /* Dat Donut App Icon (Light).png */ = {isa = PBXFileReference; lastKnownFileType = image.png; path = "Dat Donut App Icon (Light).png"; sourceTree = "<group>"; };
		89F9F54F287F14C800DFCAD2 /* Dat Donut App Icon (Light)@2x.png */ = {isa = PBXFileReference; lastKnownFileType = image.png; path = "Dat Donut App Icon (Light)@2x.png"; sourceTree = "<group>"; };
		89F9F550287F14C800DFCAD2 /* Dat Donut App Icon (Light)@3x.png */ = {isa = PBXFileReference; lastKnownFileType = image.png; path = "Dat Donut App Icon (Light)@3x.png"; sourceTree = "<group>"; };
		89F9F551287F14C800DFCAD2 /* Uncle John's App Icon (Light)@2x.png */ = {isa = PBXFileReference; lastKnownFileType = image.png; path = "Uncle John's App Icon (Light)@2x.png"; sourceTree = "<group>"; };
		89F9F55E287F152200DFCAD2 /* AppSettingsModel.swift */ = {isa = PBXFileReference; lastKnownFileType = sourcecode.swift; path = AppSettingsModel.swift; sourceTree = "<group>"; };
		89F9F560287F17F900DFCAD2 /* SettingsView.swift */ = {isa = PBXFileReference; lastKnownFileType = sourcecode.swift; path = SettingsView.swift; sourceTree = "<group>"; };
		89F9F562287F271000DFCAD2 /* Icon.swift */ = {isa = PBXFileReference; lastKnownFileType = sourcecode.swift; path = Icon.swift; sourceTree = "<group>"; };
/* End PBXFileReference section */

/* Begin PBXFrameworksBuildPhase section */
		89B122F628725C710011CE40 /* Frameworks */ = {
			isa = PBXFrameworksBuildPhase;
			buildActionMask = 2147483647;
			files = (
			);
			runOnlyForDeploymentPostprocessing = 0;
		};
/* End PBXFrameworksBuildPhase section */

/* Begin PBXGroup section */
		8904ED9C28847FBE0045565B /* Scan */ = {
			isa = PBXGroup;
			children = (
				8911BF74287A4FE200486EDA /* ScanView.swift */,
				8904ED9D28847FD10045565B /* Components */,
			);
			path = Scan;
			sourceTree = "<group>";
		};
		8904ED9D28847FD10045565B /* Components */ = {
			isa = PBXGroup;
			children = (
				8904ED9E288480090045565B /* PaymentCards.swift */,
			);
			path = Components;
			sourceTree = "<group>";
		};
		8909C78C28A3FB30004FDE79 /* Onboarding */ = {
			isa = PBXGroup;
			children = (
				8909C78D28A3FCA4004FDE79 /* OnboardingView.swift */,
				8909C78F28A3FD59004FDE79 /* LocationDeniedView.swift */,
			);
			path = Onboarding;
			sourceTree = "<group>";
		};
		8911BF78287ABB9D00486EDA /* Shared */ = {
			isa = PBXGroup;
			children = (
				8911BF79287ABBC600486EDA /* Header.swift */,
				89F9F560287F17F900DFCAD2 /* SettingsView.swift */,
				8909C78A28A3F99F004FDE79 /* ComingSoonView.swift */,
			);
			path = Shared;
			sourceTree = "<group>";
		};
		898FCCD928A08EC0003C283F /* Home */ = {
			isa = PBXGroup;
			children = (
				8911BF72287A4FC700486EDA /* HomeView.swift */,
				898FCCE528A0A30A003C283F /* Components */,
			);
			path = Home;
			sourceTree = "<group>";
		};
		898FCCDA28A08EEE003C283F /* Menu */ = {
			isa = PBXGroup;
			children = (
				898FCCD728A08C63003C283F /* MenuView.swift */,
				898FCCDE28A09174003C283F /* CartView.swift */,
				898FCCDB28A08EFC003C283F /* Components */,
			);
			path = Menu;
			sourceTree = "<group>";
		};
		898FCCDB28A08EFC003C283F /* Components */ = {
			isa = PBXGroup;
			children = (
				898FCCD528A0871A003C283F /* MenuItemCard.swift */,
				898FCCDC28A08FCC003C283F /* CartButton.swift */,
				898FCCE228A09574003C283F /* MenuItemRow.swift */,
			);
			path = Components;
			sourceTree = "<group>";
		};
		898FCCE428A0A2CB003C283F /* Deprecated */ = {
			isa = PBXGroup;
			children = (
				89B122FE28725C710011CE40 /* OldMenuView.swift */,
			);
			path = Deprecated;
			sourceTree = "<group>";
		};
		898FCCE528A0A30A003C283F /* Components */ = {
			isa = PBXGroup;
			children = (
				898FCCE628A0A32C003C283F /* HomeTile.swift */,
			);
			path = Components;
			sourceTree = "<group>";
		};
		898FCCE828A0A372003C283F /* Profile */ = {
			isa = PBXGroup;
			children = (
				8911BF76287A4FF600486EDA /* ProfileView.swift */,
			);
			path = Profile;
			sourceTree = "<group>";
		};
		89B122F028725C710011CE40 = {
			isa = PBXGroup;
			children = (
				89B122FB28725C710011CE40 /* Uncle John's */,
				89B122FA28725C710011CE40 /* Products */,
			);
			sourceTree = "<group>";
		};
		89B122FA28725C710011CE40 /* Products */ = {
			isa = PBXGroup;
			children = (
				89B122F928725C710011CE40 /* Uncle John's.app */,
			);
			name = Products;
			sourceTree = "<group>";
		};
		89B122FB28725C710011CE40 /* Uncle John's */ = {
			isa = PBXGroup;
			children = (
				89F9F545287F136400DFCAD2 /* Uncle-John-s-Info.plist */,
				89B122FC28725C710011CE40 /* Uncle_Johns.swift */,
				89B1230A2872A1860011CE40 /* Models */,
				89B1230B2872A19A0011CE40 /* Views */,
				89B1230C2872A1A50011CE40 /* ViewModels */,
				89B1230D2872A1AD0011CE40 /* Resources */,
				89B1230028725C740011CE40 /* Assets.xcassets */,
				89B1230228725C740011CE40 /* Preview Content */,
			);
			path = "Uncle John's";
			sourceTree = "<group>";
		};
		89B1230228725C740011CE40 /* Preview Content */ = {
			isa = PBXGroup;
			children = (
				89B1230328725C740011CE40 /* Preview Assets.xcassets */,
			);
			path = "Preview Content";
			sourceTree = "<group>";
		};
		89B1230A2872A1860011CE40 /* Models */ = {
			isa = PBXGroup;
			children = (
				89F9F562287F271000DFCAD2 /* Icon.swift */,
				89B3FEC32873340000D6DFD0 /* Restaurant.swift */,
				89B3FEB7287331EE00D6DFD0 /* User.swift */,
				89B3FEB9287331FF00D6DFD0 /* Weather.swift */,
				898FCCD128A0856C003C283F /* MenuItem.swift */,
			);
			path = Models;
			sourceTree = "<group>";
		};
		89B1230B2872A19A0011CE40 /* Views */ = {
			isa = PBXGroup;
			children = (
				8909C79128A3FDD6004FDE79 /* LaunchView.swift */,
				8911BF702879FAA200486EDA /* BaseView.swift */,
				8911BF78287ABB9D00486EDA /* Shared */,
				8909C78C28A3FB30004FDE79 /* Onboarding */,
				898FCCD928A08EC0003C283F /* Home */,
				8904ED9C28847FBE0045565B /* Scan */,
				898FCCDA28A08EEE003C283F /* Menu */,
				898FCCE828A0A372003C283F /* Profile */,
				898FCCE428A0A2CB003C283F /* Deprecated */,
			);
			path = Views;
			sourceTree = "<group>";
		};
		89B1230C2872A1A50011CE40 /* ViewModels */ = {
			isa = PBXGroup;
			children = (
				89F9F55E287F152200DFCAD2 /* AppSettingsModel.swift */,
				89B3FEBB2873327B00D6DFD0 /* AuthModel.swift */,
				89B3FEBF287332D600D6DFD0 /* MapModel.swift */,
				89B3FEC12873339300D6DFD0 /* RestaurantModel.swift */,
				89B3FEBD287332BC00D6DFD0 /* WeatherModel.swift */,
				898FCCE028A09244003C283F /* CartModel.swift */,
			);
			path = ViewModels;
			sourceTree = "<group>";
		};
		89B1230D2872A1AD0011CE40 /* Resources */ = {
			isa = PBXGroup;
			children = (
				89B3FECB28733EBA00D6DFD0 /* restaurants.json */,
				89F9F54C287F14C800DFCAD2 /* Dat Donut App Icon (Dark).png */,
				89F9F54A287F14C800DFCAD2 /* Dat Donut App Icon (Dark)@2x.png */,
				89F9F549287F14C800DFCAD2 /* Dat Donut App Icon (Dark)@3x.png */,
				89F9F54E287F14C800DFCAD2 /* Dat Donut App Icon (Light).png */,
				89F9F54F287F14C800DFCAD2 /* Dat Donut App Icon (Light)@2x.png */,
				89F9F550287F14C800DFCAD2 /* Dat Donut App Icon (Light)@3x.png */,
				89F9F54D287F14C800DFCAD2 /* Uncle John's App Icon (Dark).png */,
				89F9F547287F14C800DFCAD2 /* Uncle John's App Icon (Dark)@2x.png */,
				89F9F548287F14C800DFCAD2 /* Uncle John's App Icon (Dark)@3x.png */,
				89F9F54B287F14C800DFCAD2 /* Uncle John's App Icon (Light).png */,
				89F9F551287F14C800DFCAD2 /* Uncle John's App Icon (Light)@2x.png */,
				89F9F546287F14C800DFCAD2 /* Uncle John's App Icon (Light)@3x.png */,
			);
			path = Resources;
			sourceTree = "<group>";
		};
/* End PBXGroup section */

/* Begin PBXNativeTarget section */
		89B122F828725C710011CE40 /* Uncle John's */ = {
			isa = PBXNativeTarget;
			buildConfigurationList = 89B1230728725C740011CE40 /* Build configuration list for PBXNativeTarget "Uncle John's" */;
			buildPhases = (
				89B122F528725C710011CE40 /* Sources */,
				89B122F628725C710011CE40 /* Frameworks */,
				89B122F728725C710011CE40 /* Resources */,
			);
			buildRules = (
			);
			dependencies = (
			);
			name = "Uncle John's";
			productName = "Uncle John's";
			productReference = 89B122F928725C710011CE40 /* Uncle John's.app */;
			productType = "com.apple.product-type.application";
		};
/* End PBXNativeTarget section */

/* Begin PBXProject section */
		89B122F128725C710011CE40 /* Project object */ = {
			isa = PBXProject;
			attributes = {
				BuildIndependentTargetsInParallel = 1;
				LastSwiftUpdateCheck = 1340;
				LastUpgradeCheck = 1340;
				TargetAttributes = {
					89B122F828725C710011CE40 = {
						CreatedOnToolsVersion = 13.4.1;
					};
				};
			};
			buildConfigurationList = 89B122F428725C710011CE40 /* Build configuration list for PBXProject "Uncle John's" */;
			compatibilityVersion = "Xcode 13.0";
			developmentRegion = en;
			hasScannedForEncodings = 0;
			knownRegions = (
				en,
				Base,
			);
			mainGroup = 89B122F028725C710011CE40;
			productRefGroup = 89B122FA28725C710011CE40 /* Products */;
			projectDirPath = "";
			projectRoot = "";
			targets = (
				89B122F828725C710011CE40 /* Uncle John's */,
			);
		};
/* End PBXProject section */

/* Begin PBXResourcesBuildPhase section */
		89B122F728725C710011CE40 /* Resources */ = {
			isa = PBXResourcesBuildPhase;
			buildActionMask = 2147483647;
			files = (
				89F9F555287F14C800DFCAD2 /* Dat Donut App Icon (Dark)@3x.png in Resources */,
				89F9F554287F14C800DFCAD2 /* Uncle John's App Icon (Dark)@3x.png in Resources */,
				89F9F556287F14C800DFCAD2 /* Dat Donut App Icon (Dark)@2x.png in Resources */,
				89F9F55B287F14C800DFCAD2 /* Dat Donut App Icon (Light)@2x.png in Resources */,
				89B1230428725C740011CE40 /* Preview Assets.xcassets in Resources */,
				89F9F55C287F14C800DFCAD2 /* Dat Donut App Icon (Light)@3x.png in Resources */,
				89F9F558287F14C800DFCAD2 /* Dat Donut App Icon (Dark).png in Resources */,
				89F9F552287F14C800DFCAD2 /* Uncle John's App Icon (Light)@3x.png in Resources */,
				89F9F55D287F14C800DFCAD2 /* Uncle John's App Icon (Light)@2x.png in Resources */,
				89B3FECC28733EBA00D6DFD0 /* restaurants.json in Resources */,
				89F9F55A287F14C800DFCAD2 /* Dat Donut App Icon (Light).png in Resources */,
				89F9F559287F14C800DFCAD2 /* Uncle John's App Icon (Dark).png in Resources */,
				89F9F557287F14C800DFCAD2 /* Uncle John's App Icon (Light).png in Resources */,
				89F9F553287F14C800DFCAD2 /* Uncle John's App Icon (Dark)@2x.png in Resources */,
				89B1230128725C740011CE40 /* Assets.xcassets in Resources */,
			);
			runOnlyForDeploymentPostprocessing = 0;
		};
/* End PBXResourcesBuildPhase section */

/* Begin PBXSourcesBuildPhase section */
		89B122F528725C710011CE40 /* Sources */ = {
			isa = PBXSourcesBuildPhase;
			buildActionMask = 2147483647;
			files = (
				89B3FEC42873340000D6DFD0 /* Restaurant.swift in Sources */,
				8909C79228A3FDD6004FDE79 /* LaunchView.swift in Sources */,
				89F9F563287F271000DFCAD2 /* Icon.swift in Sources */,
				8911BF77287A4FF600486EDA /* ProfileView.swift in Sources */,
				89B3FEC0287332D600D6DFD0 /* MapModel.swift in Sources */,
				89B3FEC22873339300D6DFD0 /* RestaurantModel.swift in Sources */,
				898FCCDF28A09174003C283F /* CartView.swift in Sources */,
				89B3FEB8287331EE00D6DFD0 /* User.swift in Sources */,
				89B122FF28725C710011CE40 /* OldMenuView.swift in Sources */,
				8911BF75287A4FE200486EDA /* ScanView.swift in Sources */,
				8911BF73287A4FC700486EDA /* HomeView.swift in Sources */,
				898FCCE728A0A32C003C283F /* HomeTile.swift in Sources */,
				898FCCDD28A08FCC003C283F /* CartButton.swift in Sources */,
				8909C79028A3FD59004FDE79 /* LocationDeniedView.swift in Sources */,
				898FCCD828A08C64003C283F /* MenuView.swift in Sources */,
				8909C78E28A3FCA4004FDE79 /* OnboardingView.swift in Sources */,
				89B3FEBE287332BC00D6DFD0 /* WeatherModel.swift in Sources */,
				89F9F561287F17F900DFCAD2 /* SettingsView.swift in Sources */,
				8904ED9F288480090045565B /* PaymentCards.swift in Sources */,
				89F9F55F287F152200DFCAD2 /* AppSettingsModel.swift in Sources */,
				89B122FD28725C710011CE40 /* Uncle_Johns.swift in Sources */,
				8911BF7A287ABBC700486EDA /* Header.swift in Sources */,
				8909C78B28A3F99F004FDE79 /* ComingSoonView.swift in Sources */,
				898FCCD628A0871A003C283F /* MenuItemCard.swift in Sources */,
				8911BF712879FAA200486EDA /* BaseView.swift in Sources */,
				89B3FEBA287331FF00D6DFD0 /* Weather.swift in Sources */,
				898FCCE328A09574003C283F /* MenuItemRow.swift in Sources */,
				898FCCE128A09244003C283F /* CartModel.swift in Sources */,
				89B3FEBC2873327B00D6DFD0 /* AuthModel.swift in Sources */,
				898FCCD228A0856C003C283F /* MenuItem.swift in Sources */,
			);
			runOnlyForDeploymentPostprocessing = 0;
		};
/* End PBXSourcesBuildPhase section */

/* Begin XCBuildConfiguration section */
		89B1230528725C740011CE40 /* Debug */ = {
			isa = XCBuildConfiguration;
			buildSettings = {
				ALWAYS_SEARCH_USER_PATHS = NO;
				CLANG_ANALYZER_NONNULL = YES;
				CLANG_ANALYZER_NUMBER_OBJECT_CONVERSION = YES_AGGRESSIVE;
				CLANG_CXX_LANGUAGE_STANDARD = "gnu++17";
				CLANG_ENABLE_MODULES = YES;
				CLANG_ENABLE_OBJC_ARC = YES;
				CLANG_ENABLE_OBJC_WEAK = YES;
				CLANG_WARN_BLOCK_CAPTURE_AUTORELEASING = YES;
				CLANG_WARN_BOOL_CONVERSION = YES;
				CLANG_WARN_COMMA = YES;
				CLANG_WARN_CONSTANT_CONVERSION = YES;
				CLANG_WARN_DEPRECATED_OBJC_IMPLEMENTATIONS = YES;
				CLANG_WARN_DIRECT_OBJC_ISA_USAGE = YES_ERROR;
				CLANG_WARN_DOCUMENTATION_COMMENTS = YES;
				CLANG_WARN_EMPTY_BODY = YES;
				CLANG_WARN_ENUM_CONVERSION = YES;
				CLANG_WARN_INFINITE_RECURSION = YES;
				CLANG_WARN_INT_CONVERSION = YES;
				CLANG_WARN_NON_LITERAL_NULL_CONVERSION = YES;
				CLANG_WARN_OBJC_IMPLICIT_RETAIN_SELF = YES;
				CLANG_WARN_OBJC_LITERAL_CONVERSION = YES;
				CLANG_WARN_OBJC_ROOT_CLASS = YES_ERROR;
				CLANG_WARN_QUOTED_INCLUDE_IN_FRAMEWORK_HEADER = YES;
				CLANG_WARN_RANGE_LOOP_ANALYSIS = YES;
				CLANG_WARN_STRICT_PROTOTYPES = YES;
				CLANG_WARN_SUSPICIOUS_MOVE = YES;
				CLANG_WARN_UNGUARDED_AVAILABILITY = YES_AGGRESSIVE;
				CLANG_WARN_UNREACHABLE_CODE = YES;
				CLANG_WARN__DUPLICATE_METHOD_MATCH = YES;
				COPY_PHASE_STRIP = NO;
				DEBUG_INFORMATION_FORMAT = dwarf;
				ENABLE_STRICT_OBJC_MSGSEND = YES;
				ENABLE_TESTABILITY = YES;
				GCC_C_LANGUAGE_STANDARD = gnu11;
				GCC_DYNAMIC_NO_PIC = NO;
				GCC_NO_COMMON_BLOCKS = YES;
				GCC_OPTIMIZATION_LEVEL = 0;
				GCC_PREPROCESSOR_DEFINITIONS = (
					"DEBUG=1",
					"$(inherited)",
				);
				GCC_WARN_64_TO_32_BIT_CONVERSION = YES;
				GCC_WARN_ABOUT_RETURN_TYPE = YES_ERROR;
				GCC_WARN_UNDECLARED_SELECTOR = YES;
				GCC_WARN_UNINITIALIZED_AUTOS = YES_AGGRESSIVE;
				GCC_WARN_UNUSED_FUNCTION = YES;
				GCC_WARN_UNUSED_VARIABLE = YES;
				IPHONEOS_DEPLOYMENT_TARGET = 15.5;
				MTL_ENABLE_DEBUG_INFO = INCLUDE_SOURCE;
				MTL_FAST_MATH = YES;
				ONLY_ACTIVE_ARCH = YES;
				SDKROOT = iphoneos;
				SWIFT_ACTIVE_COMPILATION_CONDITIONS = DEBUG;
				SWIFT_OPTIMIZATION_LEVEL = "-Onone";
			};
			name = Debug;
		};
		89B1230628725C740011CE40 /* Release */ = {
			isa = XCBuildConfiguration;
			buildSettings = {
				ALWAYS_SEARCH_USER_PATHS = NO;
				CLANG_ANALYZER_NONNULL = YES;
				CLANG_ANALYZER_NUMBER_OBJECT_CONVERSION = YES_AGGRESSIVE;
				CLANG_CXX_LANGUAGE_STANDARD = "gnu++17";
				CLANG_ENABLE_MODULES = YES;
				CLANG_ENABLE_OBJC_ARC = YES;
				CLANG_ENABLE_OBJC_WEAK = YES;
				CLANG_WARN_BLOCK_CAPTURE_AUTORELEASING = YES;
				CLANG_WARN_BOOL_CONVERSION = YES;
				CLANG_WARN_COMMA = YES;
				CLANG_WARN_CONSTANT_CONVERSION = YES;
				CLANG_WARN_DEPRECATED_OBJC_IMPLEMENTATIONS = YES;
				CLANG_WARN_DIRECT_OBJC_ISA_USAGE = YES_ERROR;
				CLANG_WARN_DOCUMENTATION_COMMENTS = YES;
				CLANG_WARN_EMPTY_BODY = YES;
				CLANG_WARN_ENUM_CONVERSION = YES;
				CLANG_WARN_INFINITE_RECURSION = YES;
				CLANG_WARN_INT_CONVERSION = YES;
				CLANG_WARN_NON_LITERAL_NULL_CONVERSION = YES;
				CLANG_WARN_OBJC_IMPLICIT_RETAIN_SELF = YES;
				CLANG_WARN_OBJC_LITERAL_CONVERSION = YES;
				CLANG_WARN_OBJC_ROOT_CLASS = YES_ERROR;
				CLANG_WARN_QUOTED_INCLUDE_IN_FRAMEWORK_HEADER = YES;
				CLANG_WARN_RANGE_LOOP_ANALYSIS = YES;
				CLANG_WARN_STRICT_PROTOTYPES = YES;
				CLANG_WARN_SUSPICIOUS_MOVE = YES;
				CLANG_WARN_UNGUARDED_AVAILABILITY = YES_AGGRESSIVE;
				CLANG_WARN_UNREACHABLE_CODE = YES;
				CLANG_WARN__DUPLICATE_METHOD_MATCH = YES;
				COPY_PHASE_STRIP = NO;
				DEBUG_INFORMATION_FORMAT = "dwarf-with-dsym";
				ENABLE_NS_ASSERTIONS = NO;
				ENABLE_STRICT_OBJC_MSGSEND = YES;
				GCC_C_LANGUAGE_STANDARD = gnu11;
				GCC_NO_COMMON_BLOCKS = YES;
				GCC_WARN_64_TO_32_BIT_CONVERSION = YES;
				GCC_WARN_ABOUT_RETURN_TYPE = YES_ERROR;
				GCC_WARN_UNDECLARED_SELECTOR = YES;
				GCC_WARN_UNINITIALIZED_AUTOS = YES_AGGRESSIVE;
				GCC_WARN_UNUSED_FUNCTION = YES;
				GCC_WARN_UNUSED_VARIABLE = YES;
				IPHONEOS_DEPLOYMENT_TARGET = 15.5;
				MTL_ENABLE_DEBUG_INFO = NO;
				MTL_FAST_MATH = YES;
				SDKROOT = iphoneos;
				SWIFT_COMPILATION_MODE = wholemodule;
				SWIFT_OPTIMIZATION_LEVEL = "-O";
				VALIDATE_PRODUCT = YES;
			};
			name = Release;
		};
		89B1230828725C740011CE40 /* Debug */ = {
			isa = XCBuildConfiguration;
			buildSettings = {
				ASSETCATALOG_COMPILER_APPICON_NAME = AppIcon;
				ASSETCATALOG_COMPILER_GLOBAL_ACCENT_COLOR_NAME = AccentColor;
				CODE_SIGN_STYLE = Automatic;
				CURRENT_PROJECT_VERSION = 1;
				DEVELOPMENT_ASSET_PATHS = "\"Uncle John's/Preview Content\"";
				DEVELOPMENT_TEAM = NFN2M6GAXF;
				ENABLE_PREVIEWS = YES;
				GENERATE_INFOPLIST_FILE = YES;
				INFOPLIST_FILE = "Uncle-John-s-Info.plist";
				INFOPLIST_KEY_NSLocationWhenInUseUsageDescription = "Grant the app permission to help Uncle John's know when to start your order and track your ETA.";
				INFOPLIST_KEY_UIApplicationSceneManifest_Generation = YES;
				INFOPLIST_KEY_UIApplicationSupportsIndirectInputEvents = YES;
				INFOPLIST_KEY_UILaunchScreen_Generation = YES;
				INFOPLIST_KEY_UISupportedInterfaceOrientations_iPad = "UIInterfaceOrientationPortrait UIInterfaceOrientationPortraitUpsideDown UIInterfaceOrientationLandscapeLeft UIInterfaceOrientationLandscapeRight";
				INFOPLIST_KEY_UISupportedInterfaceOrientations_iPhone = "UIInterfaceOrientationPortrait UIInterfaceOrientationLandscapeLeft UIInterfaceOrientationLandscapeRight";
				LD_RUNPATH_SEARCH_PATHS = (
					"$(inherited)",
					"@executable_path/Frameworks",
				);
				MARKETING_VERSION = 1.0;
				PRODUCT_BUNDLE_IDENTIFIER = "dev.journi.Uncle-John-s";
				PRODUCT_NAME = "$(TARGET_NAME)";
				SWIFT_EMIT_LOC_STRINGS = YES;
				SWIFT_VERSION = 5.0;
				TARGETED_DEVICE_FAMILY = "1,2";
			};
			name = Debug;
		};
		89B1230928725C740011CE40 /* Release */ = {
			isa = XCBuildConfiguration;
			buildSettings = {
				ASSETCATALOG_COMPILER_APPICON_NAME = AppIcon;
				ASSETCATALOG_COMPILER_GLOBAL_ACCENT_COLOR_NAME = AccentColor;
				CODE_SIGN_STYLE = Automatic;
				CURRENT_PROJECT_VERSION = 1;
				DEVELOPMENT_ASSET_PATHS = "\"Uncle John's/Preview Content\"";
				DEVELOPMENT_TEAM = NFN2M6GAXF;
				ENABLE_PREVIEWS = YES;
				GENERATE_INFOPLIST_FILE = YES;
				INFOPLIST_FILE = "Uncle-John-s-Info.plist";
				INFOPLIST_KEY_NSLocationWhenInUseUsageDescription = "Grant the app permission to help Uncle John's know when to start your order and track your ETA.";
				INFOPLIST_KEY_UIApplicationSceneManifest_Generation = YES;
				INFOPLIST_KEY_UIApplicationSupportsIndirectInputEvents = YES;
				INFOPLIST_KEY_UILaunchScreen_Generation = YES;
				INFOPLIST_KEY_UISupportedInterfaceOrientations_iPad = "UIInterfaceOrientationPortrait UIInterfaceOrientationPortraitUpsideDown UIInterfaceOrientationLandscapeLeft UIInterfaceOrientationLandscapeRight";
				INFOPLIST_KEY_UISupportedInterfaceOrientations_iPhone = "UIInterfaceOrientationPortrait UIInterfaceOrientationLandscapeLeft UIInterfaceOrientationLandscapeRight";
				LD_RUNPATH_SEARCH_PATHS = (
					"$(inherited)",
					"@executable_path/Frameworks",
				);
				MARKETING_VERSION = 1.0;
				PRODUCT_BUNDLE_IDENTIFIER = "dev.journi.Uncle-John-s";
				PRODUCT_NAME = "$(TARGET_NAME)";
				SWIFT_EMIT_LOC_STRINGS = YES;
				SWIFT_VERSION = 5.0;
				TARGETED_DEVICE_FAMILY = "1,2";
			};
			name = Release;
		};
/* End XCBuildConfiguration section */

/* Begin XCConfigurationList section */
		89B122F428725C710011CE40 /* Build configuration list for PBXProject "Uncle John's" */ = {
			isa = XCConfigurationList;
			buildConfigurations = (
				89B1230528725C740011CE40 /* Debug */,
				89B1230628725C740011CE40 /* Release */,
			);
			defaultConfigurationIsVisible = 0;
			defaultConfigurationName = Release;
		};
		89B1230728725C740011CE40 /* Build configuration list for PBXNativeTarget "Uncle John's" */ = {
			isa = XCConfigurationList;
			buildConfigurations = (
				89B1230828725C740011CE40 /* Debug */,
				89B1230928725C740011CE40 /* Release */,
			);
			defaultConfigurationIsVisible = 0;
			defaultConfigurationName = Release;
		};
/* End XCConfigurationList section */
	};
	rootObject = 89B122F128725C710011CE40 /* Project object */;
}
